
Microsoft Visual Studio Solution File, Format Version 12.00
# Visual Studio 15
VisualStudioVersion = 15.0.28307.421
MinimumVisualStudioVersion = 10.0.40219.1
Project("{FAE04EC0-301F-11D3-BF4B-00C04F79EFBC}") = "TileCli", "TileCli\TileCli.csproj", "{AE331991-D785-4E28-A49F-CA7BA8A9082F}"
EndProject
Project("{9092AA53-FB77-4645-B42D-1CCCA6BD08BD}") = "ExpressApp1", "ExpressApp1\ExpressApp1.njsproj", "{91B1C59D-2D54-43F5-BC1A-914F2537FA82}"
EndProject
Project("{FAE04EC0-301F-11D3-BF4B-00C04F79EFBC}") = "TileUI", "TileUI\TileUI.csproj", "{40D7B5B6-8448-4591-9695-1D952935FC04}"
EndProject
Global
	GlobalSection(SolutionConfigurationPlatforms) = preSolution
		Debug|Any CPU = Debug|Any CPU
		Release|Any CPU = Release|Any CPU
	EndGlobalSection
	GlobalSection(ProjectConfigurationPlatforms) = postSolution
		{AE331991-D785-4E28-A49F-CA7BA8A9082F}.Debug|Any CPU.ActiveCfg = Debug|Any CPU
		{AE331991-D785-4E28-A49F-CA7BA8A9082F}.Debug|Any CPU.Build.0 = Debug|Any CPU
		{AE331991-D785-4E28-A49F-CA7BA8A9082F}.Release|Any CPU.ActiveCfg = Release|Any CPU
		{AE331991-D785-4E28-A49F-CA7BA8A9082F}.Release|Any CPU.Build.0 = Release|Any CPU
		{91B1C59D-2D54-43F5-BC1A-914F2537FA82}.Debug|Any CPU.ActiveCfg = Debug|Any CPU
		{91B1C59D-2D54-43F5-BC1A-914F2537FA82}.Debug|Any CPU.Build.0 = Debug|Any CPU
		{91B1C59D-2D54-43F5-BC1A-914F2537FA82}.Release|Any CPU.ActiveCfg = Release|Any CPU
		{91B1C59D-2D54-43F5-BC1A-914F2537FA82}.Release|Any CPU.Build.0 = Release|Any CPU
		{40D7B5B6-8448-4591-9695-1D952935FC04}.Debug|Any CPU.ActiveCfg = Debug|Any CPU
		{40D7B5B6-8448-4591-9695-1D952935FC04}.Debug|Any CPU.Build.0 = Debug|Any CPU
		{40D7B5B6-8448-4591-9695-1D952935FC04}.Release|Any CPU.ActiveCfg = Release|Any CPU
		{40D7B5B6-8448-4591-9695-1D952935FC04}.Release|Any CPU.Build.0 = Release|Any CPU
	EndGlobalSection
	GlobalSection(SolutionProperties) = preSolution
		HideSolutionNode = FALSE
	EndGlobalSection
	GlobalSection(ExtensibilityGlobals) = postSolution
		SolutionGuid = {7F4A5CF6-FC38-4C75-A68B-07AE63D2E5FE}
	EndGlobalSection
EndGlobal
